
Microsoft Visual Studio Solution File, Format Version 12.00
# Visual Studio Version 16
VisualStudioVersion = 16.0.32510.428
MinimumVisualStudioVersion = 10.0.40219.1
Project("{FAE04EC0-301F-11D3-BF4B-00C04F79EFBC}") = "RegistroLicenciasChihuahua", "RegistroLicenciasChihuahua\RegistroLicenciasChihuahua.csproj", "{5651A568-0596-4690-81DA-8EBA0AF69D7C}"
EndProject
Project("{FAE04EC0-301F-11D3-BF4B-00C04F79EFBC}") = "sigPlusNET_wpfDemo", "..\..\..\..\Downloads\AppRegistro\AppRegistro\sigPlusNET_wpfDemo1\sigPlusNET_wpfDemo.csproj", "{9167F243-E5A1-447E-B47C-D117F5637FE3}"
EndProject
Global
	GlobalSection(SolutionConfigurationPlatforms) = preSolution
		Debug|Any CPU = Debug|Any CPU
		Release|Any CPU = Release|Any CPU
	EndGlobalSection
	GlobalSection(ProjectConfigurationPlatforms) = postSolution
		{5651A568-0596-4690-81DA-8EBA0AF69D7C}.Debug|Any CPU.ActiveCfg = Debug|Any CPU
		{5651A568-0596-4690-81DA-8EBA0AF69D7C}.Debug|Any CPU.Build.0 = Debug|Any CPU
		{5651A568-0596-4690-81DA-8EBA0AF69D7C}.Release|Any CPU.ActiveCfg = Release|Any CPU
		{5651A568-0596-4690-81DA-8EBA0AF69D7C}.Release|Any CPU.Build.0 = Release|Any CPU
		{9167F243-E5A1-447E-B47C-D117F5637FE3}.Debug|Any CPU.ActiveCfg = Debug|Any CPU
		{9167F243-E5A1-447E-B47C-D117F5637FE3}.Debug|Any CPU.Build.0 = Debug|Any CPU
		{9167F243-E5A1-447E-B47C-D117F5637FE3}.Release|Any CPU.ActiveCfg = Release|Any CPU
		{9167F243-E5A1-447E-B47C-D117F5637FE3}.Release|Any CPU.Build.0 = Release|Any CPU
	EndGlobalSection
	GlobalSection(SolutionProperties) = preSolution
		HideSolutionNode = FALSE
	EndGlobalSection
	GlobalSection(ExtensibilityGlobals) = postSolution
		SolutionGuid = {265C66F9-75D6-4B2B-B47E-181CA93B17AB}
	EndGlobalSection
EndGlobal
